
Microsoft Visual Studio Solution File, Format Version 12.00
# Visual Studio Version 17
VisualStudioVersion = 17.14.36408.4
MinimumVisualStudioVersion = 10.0.40219.1
Project("{FAE04EC0-301F-11D3-BF4B-00C04F79EFBC}") = "MoodPlaylistGenerator", "MoodPlaylistGenerator.csproj", "{8D5F83DE-A29F-737B-BE4F-8D77763EB2AD}"
EndProject
Project("{FAE04EC0-301F-11D3-BF4B-00C04F79EFBC}") = "MoodPlaylist.SQLite.Repository", "..\MoodPlaylist.SQLite.Repository\MoodPlaylist.SQLite.Repository.csproj", "{27F6E419-8F3D-EB97-AEB3-00341DA422A2}"
EndProject
Project("{FAE04EC0-301F-11D3-BF4B-00C04F79EFBC}") = "MoodPlaylist.SQLite.Services", "..\MoodPlaylist.SQLite.Services\MoodPlaylist.SQLite.Services.csproj", "{53108872-9102-40E2-E64A-94EBA6517685}"
EndProject
Global
	GlobalSection(SolutionConfigurationPlatforms) = preSolution
		Debug|Any CPU = Debug|Any CPU
		Release|Any CPU = Release|Any CPU
	EndGlobalSection
	GlobalSection(ProjectConfigurationPlatforms) = postSolution
		{8D5F83DE-A29F-737B-BE4F-8D77763EB2AD}.Debug|Any CPU.ActiveCfg = Debug|Any CPU
		{8D5F83DE-A29F-737B-BE4F-8D77763EB2AD}.Debug|Any CPU.Build.0 = Debug|Any CPU
		{8D5F83DE-A29F-737B-BE4F-8D77763EB2AD}.Release|Any CPU.ActiveCfg = Release|Any CPU
		{8D5F83DE-A29F-737B-BE4F-8D77763EB2AD}.Release|Any CPU.Build.0 = Release|Any CPU
		{27F6E419-8F3D-EB97-AEB3-00341DA422A2}.Debug|Any CPU.ActiveCfg = Debug|Any CPU
		{27F6E419-8F3D-EB97-AEB3-00341DA422A2}.Debug|Any CPU.Build.0 = Debug|Any CPU
		{27F6E419-8F3D-EB97-AEB3-00341DA422A2}.Release|Any CPU.ActiveCfg = Release|Any CPU
		{27F6E419-8F3D-EB97-AEB3-00341DA422A2}.Release|Any CPU.Build.0 = Release|Any CPU
		{53108872-9102-40E2-E64A-94EBA6517685}.Debug|Any CPU.ActiveCfg = Debug|Any CPU
		{53108872-9102-40E2-E64A-94EBA6517685}.Debug|Any CPU.Build.0 = Debug|Any CPU
		{53108872-9102-40E2-E64A-94EBA6517685}.Release|Any CPU.ActiveCfg = Release|Any CPU
		{53108872-9102-40E2-E64A-94EBA6517685}.Release|Any CPU.Build.0 = Release|Any CPU
	EndGlobalSection
	GlobalSection(SolutionProperties) = preSolution
		HideSolutionNode = FALSE
	EndGlobalSection
	GlobalSection(ExtensibilityGlobals) = postSolution
		SolutionGuid = {5FC4CEB9-CEDF-44FC-8770-E646349882FE}
	EndGlobalSection
EndGlobal
